// !$*UTF8*$!
{
	archiveVersion = 1;
	classes = {
	};
	objectVersion = 77;
	objects = {

/* Begin PBXBuildFile section */
		00EBF69C8A7C168C0A41D17F /* AppGroup.swift in Sources */ = {isa = PBXBuildFile; fileRef = 4EB9793609F5AE762CDB1035 /* AppGroup.swift */; };
		03925B501C7EC31F4D8534A4 /* BackgroundTasks.framework in Frameworks */ = {isa = PBXBuildFile; fileRef = 41FD08D34F85416B237027D5 /* BackgroundTasks.framework */; };
		0754D0E28C7156833DB94872 /* KeychainTokenStore.swift in Sources */ = {isa = PBXBuildFile; fileRef = 23C6015EFFFBCE17B655ADB7 /* KeychainTokenStore.swift */; };
		0ACF4C1C0B6BDFF2471EA4CB /* UsageCore.framework in Embed Frameworks */ = {isa = PBXBuildFile; fileRef = A13FD1453D5F9A2E3E292336 /* UsageCore.framework */; settings = {ATTRIBUTES = (CodeSignOnCopy, RemoveHeadersOnCopy, ); }; };
		0BB8B540D0AE00FCD126C28B /* ClaudeOAuth.swift in Sources */ = {isa = PBXBuildFile; fileRef = 1BA136B9A663426B8B9DEF69 /* ClaudeOAuth.swift */; };
		2037731115E253DD33EF8D65 /* ProviderKind.swift in Sources */ = {isa = PBXBuildFile; fileRef = 1160BDEE849BF7A0EDAED683 /* ProviderKind.swift */; };
		22C57D8B4152ECBF48CFED44 /* LilUsageApp.swift in Sources */ = {isa = PBXBuildFile; fileRef = 5DBDE3A4F057E60D4953A19A /* LilUsageApp.swift */; };
		2B139DE85CCD31A5BF2AA3B1 /* SignInSheet.swift in Sources */ = {isa = PBXBuildFile; fileRef = 0D25DC3D36A0813DEE4489BF /* SignInSheet.swift */; };
		2B80C7A34453D1635BF1DF31 /* TokenStoring.swift in Sources */ = {isa = PBXBuildFile; fileRef = 3E0278701F463569AA899E74 /* TokenStoring.swift */; };
		2E10F0936A65E259FB34AC2A /* UsageCore.framework in Frameworks */ = {isa = PBXBuildFile; fileRef = A13FD1453D5F9A2E3E292336 /* UsageCore.framework */; };
		2F55010ED998A768269BC7DA /* AppIntents.framework in Frameworks */ = {isa = PBXBuildFile; fileRef = 2831495B5FCC081F67B694BC /* AppIntents.framework */; };
		313E069574BCAB2F339C2C7F /* Assets.xcassets in Resources */ = {isa = PBXBuildFile; fileRef = 6AD2DAF46AEE0063C59BCC12 /* Assets.xcassets */; };
		3749E3D30C905A43A1097DF1 /* PKCE.swift in Sources */ = {isa = PBXBuildFile; fileRef = BF7C97CEEFC55F3D5210FE9A /* PKCE.swift */; };
		41B30D65C666EEAF693A9664 /* Assets.xcassets in Resources */ = {isa = PBXBuildFile; fileRef = 86A998828917A893F5A882F9 /* Assets.xcassets */; };
		464A56EA7DA348B7C0B46D84 /* StackWidget.swift in Sources */ = {isa = PBXBuildFile; fileRef = A0A890C70B990A9920B8E773 /* StackWidget.swift */; };
		47555A80074E43BC3D2EAD97 /* EnabledSettings.swift in Sources */ = {isa = PBXBuildFile; fileRef = 6140A10F037D7758909A8895 /* EnabledSettings.swift */; };
		51A1D40028D41747E429E91F /* TokenParsing.swift in Sources */ = {isa = PBXBuildFile; fileRef = 1565C66F1C2FD3750D59ED80 /* TokenParsing.swift */; };
		55C4CA2F07DB4B26D0E964BF /* GrokUsageFetcher.swift in Sources */ = {isa = PBXBuildFile; fileRef = 64FD266D6E91C95ABD0A65A1 /* GrokUsageFetcher.swift */; };
		575623A0714158D2F31E8ED6 /* AppGroup.swift in Sources */ = {isa = PBXBuildFile; fileRef = 4EB9793609F5AE762CDB1035 /* AppGroup.swift */; };
		5A31933D17BD12FCACF0EF6F /* ClaudeUsageFetcher.swift in Sources */ = {isa = PBXBuildFile; fileRef = 75F762B4AF4464B8E2DE8D0E /* ClaudeUsageFetcher.swift */; };
		5BEF70F41331AB7CE30BE2AF /* LilUsageWidget.appex in Embed Foundation Extensions */ = {isa = PBXBuildFile; fileRef = 85E26B42A3E9978B050AC928 /* LilUsageWidget.appex */; settings = {ATTRIBUTES = (CodeSignOnCopy, RemoveHeadersOnCopy, ); }; };
		61FE8030EB591B1D3767D3F0 /* WidgetSetupPrompt.swift in Sources */ = {isa = PBXBuildFile; fileRef = ADB8939D25DF8A834ED0CFE8 /* WidgetSetupPrompt.swift */; };
		62E413041B3D5FAB783BFCA0 /* ProviderChrome.swift in Sources */ = {isa = PBXBuildFile; fileRef = 513A7EE706C68A0CD1EB6922 /* ProviderChrome.swift */; };
		6340C59E3D85681A8AC9BC36 /* UsageCore.framework in Frameworks */ = {isa = PBXBuildFile; fileRef = A13FD1453D5F9A2E3E292336 /* UsageCore.framework */; };
		64A55B7B91483EFC9942C74A /* SelectProviderIntent.swift in Sources */ = {isa = PBXBuildFile; fileRef = CCC29D9F1481D5430F888EBB /* SelectProviderIntent.swift */; };
		65A7E1A082170B2696E6A3BD /* HTTPRetryAfter.swift in Sources */ = {isa = PBXBuildFile; fileRef = 08BF0F3629394CF300E6A98A /* HTTPRetryAfter.swift */; };
		68C25CBE159979CE19F7C4CB /* TokenRefresh.swift in Sources */ = {isa = PBXBuildFile; fileRef = C47B4F7A57EAABF7ACACF91F /* TokenRefresh.swift */; };
		6A39BFA4672D8F7E10569C4E /* UsageRefresher.swift in Sources */ = {isa = PBXBuildFile; fileRef = 83BF49C60DFA2CDBB81D56A8 /* UsageRefresher.swift */; };
		6CA938A29EC5E79F34442109 /* UsageModel.swift in Sources */ = {isa = PBXBuildFile; fileRef = C21B770602E73EF057268BEA /* UsageModel.swift */; };
		6EA5DAFDE01D62872B6F52A3 /* RefreshController.swift in Sources */ = {isa = PBXBuildFile; fileRef = 245908522F4F3FAF66D42641 /* RefreshController.swift */; };
		770171BF2F7628536085DF02 /* UsageCore.framework in Embed Frameworks */ = {isa = PBXBuildFile; fileRef = A13FD1453D5F9A2E3E292336 /* UsageCore.framework */; settings = {ATTRIBUTES = (CodeSignOnCopy, RemoveHeadersOnCopy, ); }; };
		7CF7D6C8E22F108302AEE045 /* SnapshotStore.swift in Sources */ = {isa = PBXBuildFile; fileRef = 62BA4A83C0ED11655441826F /* SnapshotStore.swift */; };
		846001F88CE36451B4528DAF /* HandoffEnablement.swift in Sources */ = {isa = PBXBuildFile; fileRef = 259D0FC89B610ABDD91E57D5 /* HandoffEnablement.swift */; };
		84696B5FB7757760D758AA06 /* SafariView.swift in Sources */ = {isa = PBXBuildFile; fileRef = 57BBD9E7FC0016849B1DBA13 /* SafariView.swift */; };
		85AA79D2B972DED5054BB482 /* RootView.swift in Sources */ = {isa = PBXBuildFile; fileRef = B4FAF89AD87E2031F21A810A /* RootView.swift */; };
		873B6CAC548DF69124B03BC3 /* GrokDeviceAuth.swift in Sources */ = {isa = PBXBuildFile; fileRef = 74EEA2D955C755846A68F3D6 /* GrokDeviceAuth.swift */; };
		8F1E6CD1984C630B9293AB52 /* CodexUsageFetcher.swift in Sources */ = {isa = PBXBuildFile; fileRef = B2481033EF1E3E2554D9EA65 /* CodexUsageFetcher.swift */; };
		93EBA3C1020F26BA38A35450 /* ISO8601Dates.swift in Sources */ = {isa = PBXBuildFile; fileRef = 895888DFDF42A1B638E0C7AE /* ISO8601Dates.swift */; };
		970B30223BD58B681D468E8D /* ProviderLogo.swift in Sources */ = {isa = PBXBuildFile; fileRef = 1C6B8953F3D0AA8444F45510 /* ProviderLogo.swift */; };
		99954A52F97CE394EFB93538 /* CodexDeviceAuth.swift in Sources */ = {isa = PBXBuildFile; fileRef = 8A13A4E44F1B8F95D0D7461D /* CodexDeviceAuth.swift */; };
		A1C2D49E896351F241CBB1D6 /* Timeline.swift in Sources */ = {isa = PBXBuildFile; fileRef = 94217D650E90775AB1956167 /* Timeline.swift */; };
		A74E974E064341C7FC1BD534 /* LilUsageWidgetBundle.swift in Sources */ = {isa = PBXBuildFile; fileRef = 959348B1477D672E64D8C74E /* LilUsageWidgetBundle.swift */; };
		ABD1E68B360833C490FAB056 /* WidgetSetupCard.swift in Sources */ = {isa = PBXBuildFile; fileRef = 03821EE9B52516AE4EAA5733 /* WidgetSetupCard.swift */; };
		B254ECDD9CF8A8BC019B8D57 /* ProviderLogo.swift in Sources */ = {isa = PBXBuildFile; fileRef = 1C6B8953F3D0AA8444F45510 /* ProviderLogo.swift */; };
		B43A1A1DDDA13AC7A59F1174 /* WidgetKit.framework in Frameworks */ = {isa = PBXBuildFile; fileRef = 399F9EB20FDA098D07F41FEA /* WidgetKit.framework */; };
		B6242F6201C5A2DADAE24A9E /* Assets.xcassets in Resources */ = {isa = PBXBuildFile; fileRef = 86A998828917A893F5A882F9 /* Assets.xcassets */; };
		B9C230AD36A798B82FF30B48 /* ProviderCard.swift in Sources */ = {isa = PBXBuildFile; fileRef = FCE99DBC87B7DAB753EA9E4E /* ProviderCard.swift */; };
		BDCC0057480C57B8D4B2363C /* UsageGauge.swift in Sources */ = {isa = PBXBuildFile; fileRef = E7CF84D08165B5B09D7739D2 /* UsageGauge.swift */; };
		C1D2CABB102E61F5A01B4015 /* OAuthLogin.swift in Sources */ = {isa = PBXBuildFile; fileRef = 557AA1738C626B049FBA8F73 /* OAuthLogin.swift */; };
		C2DC4AD279894A64D685D194 /* ProviderWidget.swift in Sources */ = {isa = PBXBuildFile; fileRef = 6175C97C04F97CBC4F54A8BE /* ProviderWidget.swift */; };
		CB4441BC2C18211D9E5CAAED /* LaunchScreen.storyboard in Resources */ = {isa = PBXBuildFile; fileRef = 6AD3D5FB13B2311C7FCDCFA1 /* LaunchScreen.storyboard */; };
		CF104E83BA30BC811D0C50DE /* UsageProviding.swift in Sources */ = {isa = PBXBuildFile; fileRef = 2132200BDDA0F7DC74095F6B /* UsageProviding.swift */; };
		D540C05ABD80A2FB79DDDC64 /* UsageWidgetView.swift in Sources */ = {isa = PBXBuildFile; fileRef = BBBE78B4234E7D9247676E90 /* UsageWidgetView.swift */; };
		D88A58449B7FE3EE0A88305D /* WidgetKit.framework in Frameworks */ = {isa = PBXBuildFile; fileRef = 399F9EB20FDA098D07F41FEA /* WidgetKit.framework */; };
		DA9774D284E6E0D7ED676C53 /* ProviderChrome.swift in Sources */ = {isa = PBXBuildFile; fileRef = 513A7EE706C68A0CD1EB6922 /* ProviderChrome.swift */; };
		ED9E721BF8F8FB842F0F7C37 /* EnabledSettings.swift in Sources */ = {isa = PBXBuildFile; fileRef = 6140A10F037D7758909A8895 /* EnabledSettings.swift */; };
		FC54DCC84B5108A2DF32D5BF /* ClipboardPaste.swift in Sources */ = {isa = PBXBuildFile; fileRef = 43FBEB0507D15DB1D2BD61B0 /* ClipboardPaste.swift */; };
		FC79C75236C13E91C9DC85EB /* SwiftUI.framework in Frameworks */ = {isa = PBXBuildFile; fileRef = 9F082972D6C411125FF3A7A4 /* SwiftUI.framework */; };
		FEB00B9C537D00A94A8F8092 /* UsageGauge.swift in Sources */ = {isa = PBXBuildFile; fileRef = E7CF84D08165B5B09D7739D2 /* UsageGauge.swift */; };
/* End PBXBuildFile section */

/* Begin PBXContainerItemProxy section */
		49639FBC7D375F3B7DAEF84D /* PBXContainerItemProxy */ = {
			isa = PBXContainerItemProxy;
			containerPortal = 935F69C81F3A32CB3E4D024C /* Project object */;
			proxyType = 1;
			remoteGlobalIDString = 9BC7020BAFBF08363EC8D2A9;
			remoteInfo = UsageCore;
		};
		9A16261E9898E6ED22FDDFDC /* PBXContainerItemProxy */ = {
			isa = PBXContainerItemProxy;
			containerPortal = 935F69C81F3A32CB3E4D024C /* Project object */;
			proxyType = 1;
			remoteGlobalIDString = D2C24750E105C055CF70E8BD;
			remoteInfo = LilUsageWidget;
		};
		C65659C2922134D7B34465C7 /* PBXContainerItemProxy */ = {
			isa = PBXContainerItemProxy;
			containerPortal = 935F69C81F3A32CB3E4D024C /* Project object */;
			proxyType = 1;
			remoteGlobalIDString = 9BC7020BAFBF08363EC8D2A9;
			remoteInfo = UsageCore;
		};
/* End PBXContainerItemProxy section */

/* Begin PBXCopyFilesBuildPhase section */
		2FA03A40B40F4859F7A48FF5 /* Embed Foundation Extensions */ = {
			isa = PBXCopyFilesBuildPhase;
			buildActionMask = 2147483647;
			dstPath = "";
			dstSubfolderSpec = 13;
			files = (
				5BEF70F41331AB7CE30BE2AF /* LilUsageWidget.appex in Embed Foundation Extensions */,
			);
			name = "Embed Foundation Extensions";
			runOnlyForDeploymentPostprocessing = 0;
		};
		BD431535314D1040D242825B /* Embed Frameworks */ = {
			isa = PBXCopyFilesBuildPhase;
			buildActionMask = 2147483647;
			dstPath = "";
			dstSubfolderSpec = 10;
			files = (
				0ACF4C1C0B6BDFF2471EA4CB /* UsageCore.framework in Embed Frameworks */,
			);
			name = "Embed Frameworks";
			runOnlyForDeploymentPostprocessing = 0;
		};
		C43AD55E6D54FD9443746DDB /* Embed Frameworks */ = {
			isa = PBXCopyFilesBuildPhase;
			buildActionMask = 2147483647;
			dstPath = "";
			dstSubfolderSpec = 10;
			files = (
				770171BF2F7628536085DF02 /* UsageCore.framework in Embed Frameworks */,
			);
			name = "Embed Frameworks";
			runOnlyForDeploymentPostprocessing = 0;
		};
/* End PBXCopyFilesBuildPhase section */

/* Begin PBXFileReference section */
		03821EE9B52516AE4EAA5733 /* WidgetSetupCard.swift */ = {isa = PBXFileReference; lastKnownFileType = sourcecode.swift; path = WidgetSetupCard.swift; sourceTree = "<group>"; };
		08BF0F3629394CF300E6A98A /* HTTPRetryAfter.swift */ = {isa = PBXFileReference; lastKnownFileType = sourcecode.swift; path = HTTPRetryAfter.swift; sourceTree = "<group>"; };
		0B3EBD01C44432C5C13645B9 /* LilUsage.app */ = {isa = PBXFileReference; includeInIndex = 0; lastKnownFileType = wrapper.application; path = LilUsage.app; sourceTree = BUILT_PRODUCTS_DIR; };
		0D25DC3D36A0813DEE4489BF /* SignInSheet.swift */ = {isa = PBXFileReference; lastKnownFileType = sourcecode.swift; path = SignInSheet.swift; sourceTree = "<group>"; };
		1160BDEE849BF7A0EDAED683 /* ProviderKind.swift */ = {isa = PBXFileReference; lastKnownFileType = sourcecode.swift; path = ProviderKind.swift; sourceTree = "<group>"; };
		1565C66F1C2FD3750D59ED80 /* TokenParsing.swift */ = {isa = PBXFileReference; lastKnownFileType = sourcecode.swift; path = TokenParsing.swift; sourceTree = "<group>"; };
		1BA136B9A663426B8B9DEF69 /* ClaudeOAuth.swift */ = {isa = PBXFileReference; lastKnownFileType = sourcecode.swift; path = ClaudeOAuth.swift; sourceTree = "<group>"; };
		1C6B8953F3D0AA8444F45510 /* ProviderLogo.swift */ = {isa = PBXFileReference; lastKnownFileType = sourcecode.swift; path = ProviderLogo.swift; sourceTree = "<group>"; };
		2132200BDDA0F7DC74095F6B /* UsageProviding.swift */ = {isa = PBXFileReference; lastKnownFileType = sourcecode.swift; path = UsageProviding.swift; sourceTree = "<group>"; };
		23C6015EFFFBCE17B655ADB7 /* KeychainTokenStore.swift */ = {isa = PBXFileReference; lastKnownFileType = sourcecode.swift; path = KeychainTokenStore.swift; sourceTree = "<group>"; };
		245908522F4F3FAF66D42641 /* RefreshController.swift */ = {isa = PBXFileReference; lastKnownFileType = sourcecode.swift; path = RefreshController.swift; sourceTree = "<group>"; };
		259D0FC89B610ABDD91E57D5 /* HandoffEnablement.swift */ = {isa = PBXFileReference; lastKnownFileType = sourcecode.swift; path = HandoffEnablement.swift; sourceTree = "<group>"; };
		2831495B5FCC081F67B694BC /* AppIntents.framework */ = {isa = PBXFileReference; lastKnownFileType = wrapper.framework; name = AppIntents.framework; path = System/Library/Frameworks/AppIntents.framework; sourceTree = SDKROOT; };
		3278093290320C1B404B3BBB /* Info.plist */ = {isa = PBXFileReference; lastKnownFileType = text.plist; path = Info.plist; sourceTree = "<group>"; };
		399F9EB20FDA098D07F41FEA /* WidgetKit.framework */ = {isa = PBXFileReference; lastKnownFileType = wrapper.framework; name = WidgetKit.framework; path = System/Library/Frameworks/WidgetKit.framework; sourceTree = SDKROOT; };
		3E0278701F463569AA899E74 /* TokenStoring.swift */ = {isa = PBXFileReference; lastKnownFileType = sourcecode.swift; path = TokenStoring.swift; sourceTree = "<group>"; };
		41FD08D34F85416B237027D5 /* BackgroundTasks.framework */ = {isa = PBXFileReference; lastKnownFileType = wrapper.framework; name = BackgroundTasks.framework; path = System/Library/Frameworks/BackgroundTasks.framework; sourceTree = SDKROOT; };
		43FBEB0507D15DB1D2BD61B0 /* ClipboardPaste.swift */ = {isa = PBXFileReference; lastKnownFileType = sourcecode.swift; path = ClipboardPaste.swift; sourceTree = "<group>"; };
		4EB9793609F5AE762CDB1035 /* AppGroup.swift */ = {isa = PBXFileReference; lastKnownFileType = sourcecode.swift; path = AppGroup.swift; sourceTree = "<group>"; };
		513A7EE706C68A0CD1EB6922 /* ProviderChrome.swift */ = {isa = PBXFileReference; lastKnownFileType = sourcecode.swift; path = ProviderChrome.swift; sourceTree = "<group>"; };
		557AA1738C626B049FBA8F73 /* OAuthLogin.swift */ = {isa = PBXFileReference; lastKnownFileType = sourcecode.swift; path = OAuthLogin.swift; sourceTree = "<group>"; };
		57BBD9E7FC0016849B1DBA13 /* SafariView.swift */ = {isa = PBXFileReference; lastKnownFileType = sourcecode.swift; path = SafariView.swift; sourceTree = "<group>"; };
		5DBDE3A4F057E60D4953A19A /* LilUsageApp.swift */ = {isa = PBXFileReference; lastKnownFileType = sourcecode.swift; path = LilUsageApp.swift; sourceTree = "<group>"; };
		6140A10F037D7758909A8895 /* EnabledSettings.swift */ = {isa = PBXFileReference; lastKnownFileType = sourcecode.swift; path = EnabledSettings.swift; sourceTree = "<group>"; };
		6175C97C04F97CBC4F54A8BE /* ProviderWidget.swift */ = {isa = PBXFileReference; lastKnownFileType = sourcecode.swift; path = ProviderWidget.swift; sourceTree = "<group>"; };
		62BA4A83C0ED11655441826F /* SnapshotStore.swift */ = {isa = PBXFileReference; lastKnownFileType = sourcecode.swift; path = SnapshotStore.swift; sourceTree = "<group>"; };
		64FD266D6E91C95ABD0A65A1 /* GrokUsageFetcher.swift */ = {isa = PBXFileReference; lastKnownFileType = sourcecode.swift; path = GrokUsageFetcher.swift; sourceTree = "<group>"; };
		6AD2DAF46AEE0063C59BCC12 /* Assets.xcassets */ = {isa = PBXFileReference; lastKnownFileType = folder.assetcatalog; path = Assets.xcassets; sourceTree = "<group>"; };
		6AD3D5FB13B2311C7FCDCFA1 /* LaunchScreen.storyboard */ = {isa = PBXFileReference; lastKnownFileType = file.storyboard; path = LaunchScreen.storyboard; sourceTree = "<group>"; };
		74EEA2D955C755846A68F3D6 /* GrokDeviceAuth.swift */ = {isa = PBXFileReference; lastKnownFileType = sourcecode.swift; path = GrokDeviceAuth.swift; sourceTree = "<group>"; };
		75F762B4AF4464B8E2DE8D0E /* ClaudeUsageFetcher.swift */ = {isa = PBXFileReference; lastKnownFileType = sourcecode.swift; path = ClaudeUsageFetcher.swift; sourceTree = "<group>"; };
		83BF49C60DFA2CDBB81D56A8 /* UsageRefresher.swift */ = {isa = PBXFileReference; lastKnownFileType = sourcecode.swift; path = UsageRefresher.swift; sourceTree = "<group>"; };
		85E26B42A3E9978B050AC928 /* LilUsageWidget.appex */ = {isa = PBXFileReference; includeInIndex = 0; lastKnownFileType = "wrapper.app-extension"; path = LilUsageWidget.appex; sourceTree = BUILT_PRODUCTS_DIR; };
		86A998828917A893F5A882F9 /* Assets.xcassets */ = {isa = PBXFileReference; lastKnownFileType = folder.assetcatalog; path = Assets.xcassets; sourceTree = "<group>"; };
		895888DFDF42A1B638E0C7AE /* ISO8601Dates.swift */ = {isa = PBXFileReference; lastKnownFileType = sourcecode.swift; path = ISO8601Dates.swift; sourceTree = "<group>"; };
		8A13A4E44F1B8F95D0D7461D /* CodexDeviceAuth.swift */ = {isa = PBXFileReference; lastKnownFileType = sourcecode.swift; path = CodexDeviceAuth.swift; sourceTree = "<group>"; };
		8C8AC8BB8B25CC0AA707B03A /* LilUsage.entitlements */ = {isa = PBXFileReference; lastKnownFileType = text.plist.entitlements; path = LilUsage.entitlements; sourceTree = "<group>"; };
		94217D650E90775AB1956167 /* Timeline.swift */ = {isa = PBXFileReference; lastKnownFileType = sourcecode.swift; path = Timeline.swift; sourceTree = "<group>"; };
		959348B1477D672E64D8C74E /* LilUsageWidgetBundle.swift */ = {isa = PBXFileReference; lastKnownFileType = sourcecode.swift; path = LilUsageWidgetBundle.swift; sourceTree = "<group>"; };
		9F082972D6C411125FF3A7A4 /* SwiftUI.framework */ = {isa = PBXFileReference; lastKnownFileType = wrapper.framework; name = SwiftUI.framework; path = System/Library/Frameworks/SwiftUI.framework; sourceTree = SDKROOT; };
		9F6C3265B0AAFE25DA7BF5E2 /* Info.plist */ = {isa = PBXFileReference; lastKnownFileType = text.plist; path = Info.plist; sourceTree = "<group>"; };
		A0A890C70B990A9920B8E773 /* StackWidget.swift */ = {isa = PBXFileReference; lastKnownFileType = sourcecode.swift; path = StackWidget.swift; sourceTree = "<group>"; };
		A13FD1453D5F9A2E3E292336 /* UsageCore.framework */ = {isa = PBXFileReference; explicitFileType = wrapper.framework; includeInIndex = 0; path = UsageCore.framework; sourceTree = BUILT_PRODUCTS_DIR; };
		ADB8939D25DF8A834ED0CFE8 /* WidgetSetupPrompt.swift */ = {isa = PBXFileReference; lastKnownFileType = sourcecode.swift; path = WidgetSetupPrompt.swift; sourceTree = "<group>"; };
		B2481033EF1E3E2554D9EA65 /* CodexUsageFetcher.swift */ = {isa = PBXFileReference; lastKnownFileType = sourcecode.swift; path = CodexUsageFetcher.swift; sourceTree = "<group>"; };
		B4FAF89AD87E2031F21A810A /* RootView.swift */ = {isa = PBXFileReference; lastKnownFileType = sourcecode.swift; path = RootView.swift; sourceTree = "<group>"; };
		BBBE78B4234E7D9247676E90 /* UsageWidgetView.swift */ = {isa = PBXFileReference; lastKnownFileType = sourcecode.swift; path = UsageWidgetView.swift; sourceTree = "<group>"; };
		BF7C97CEEFC55F3D5210FE9A /* PKCE.swift */ = {isa = PBXFileReference; lastKnownFileType = sourcecode.swift; path = PKCE.swift; sourceTree = "<group>"; };
		C21B770602E73EF057268BEA /* UsageModel.swift */ = {isa = PBXFileReference; lastKnownFileType = sourcecode.swift; path = UsageModel.swift; sourceTree = "<group>"; };
		C47B4F7A57EAABF7ACACF91F /* TokenRefresh.swift */ = {isa = PBXFileReference; lastKnownFileType = sourcecode.swift; path = TokenRefresh.swift; sourceTree = "<group>"; };
		CCC29D9F1481D5430F888EBB /* SelectProviderIntent.swift */ = {isa = PBXFileReference; lastKnownFileType = sourcecode.swift; path = SelectProviderIntent.swift; sourceTree = "<group>"; };
		DF502A1A59F2382D491CF85E /* LilUsageWidget.entitlements */ = {isa = PBXFileReference; lastKnownFileType = text.plist.entitlements; path = LilUsageWidget.entitlements; sourceTree = "<group>"; };
		E7CF84D08165B5B09D7739D2 /* UsageGauge.swift */ = {isa = PBXFileReference; lastKnownFileType = sourcecode.swift; path = UsageGauge.swift; sourceTree = "<group>"; };
		FCE99DBC87B7DAB753EA9E4E /* ProviderCard.swift */ = {isa = PBXFileReference; lastKnownFileType = sourcecode.swift; path = ProviderCard.swift; sourceTree = "<group>"; };
/* End PBXFileReference section */

/* Begin PBXFrameworksBuildPhase section */
		176E83F713A92EF24EAED019 /* Frameworks */ = {
			isa = PBXFrameworksBuildPhase;
			buildActionMask = 2147483647;
			files = (
				2E10F0936A65E259FB34AC2A /* UsageCore.framework in Frameworks */,
				B43A1A1DDDA13AC7A59F1174 /* WidgetKit.framework in Frameworks */,
				03925B501C7EC31F4D8534A4 /* BackgroundTasks.framework in Frameworks */,
			);
			runOnlyForDeploymentPostprocessing = 0;
		};
		1992C28ED617E218860A78DE /* Frameworks */ = {
			isa = PBXFrameworksBuildPhase;
			buildActionMask = 2147483647;
			files = (
				6340C59E3D85681A8AC9BC36 /* UsageCore.framework in Frameworks */,
				D88A58449B7FE3EE0A88305D /* WidgetKit.framework in Frameworks */,
				FC79C75236C13E91C9DC85EB /* SwiftUI.framework in Frameworks */,
				2F55010ED998A768269BC7DA /* AppIntents.framework in Frameworks */,
			);
			runOnlyForDeploymentPostprocessing = 0;
		};
/* End PBXFrameworksBuildPhase section */

/* Begin PBXGroup section */
		238756BC674A8DF0CB62AE93 /* Shared */ = {
			isa = PBXGroup;
			children = (
				4EB9793609F5AE762CDB1035 /* AppGroup.swift */,
				6140A10F037D7758909A8895 /* EnabledSettings.swift */,
				513A7EE706C68A0CD1EB6922 /* ProviderChrome.swift */,
				1C6B8953F3D0AA8444F45510 /* ProviderLogo.swift */,
				E7CF84D08165B5B09D7739D2 /* UsageGauge.swift */,
			);
			path = Shared;
			sourceTree = "<group>";
		};
		3A9ABF15F01720B5EB35C895 /* LilUsage */ = {
			isa = PBXGroup;
			children = (
				6AD2DAF46AEE0063C59BCC12 /* Assets.xcassets */,
				43FBEB0507D15DB1D2BD61B0 /* ClipboardPaste.swift */,
				3278093290320C1B404B3BBB /* Info.plist */,
				6AD3D5FB13B2311C7FCDCFA1 /* LaunchScreen.storyboard */,
				8C8AC8BB8B25CC0AA707B03A /* LilUsage.entitlements */,
				5DBDE3A4F057E60D4953A19A /* LilUsageApp.swift */,
				FCE99DBC87B7DAB753EA9E4E /* ProviderCard.swift */,
				245908522F4F3FAF66D42641 /* RefreshController.swift */,
				B4FAF89AD87E2031F21A810A /* RootView.swift */,
				57BBD9E7FC0016849B1DBA13 /* SafariView.swift */,
				0D25DC3D36A0813DEE4489BF /* SignInSheet.swift */,
				03821EE9B52516AE4EAA5733 /* WidgetSetupCard.swift */,
			);
			path = LilUsage;
			sourceTree = "<group>";
		};
		3F3B4EE88142D0C9A7489938 = {
			isa = PBXGroup;
			children = (
				86A998828917A893F5A882F9 /* Assets.xcassets */,
				96562841732B0AD7A0AECB17 /* ai-sessions */,
				3A9ABF15F01720B5EB35C895 /* LilUsage */,
				4F99DA7FF93C5E7CA6820F3C /* LilUsageWidget */,
				238756BC674A8DF0CB62AE93 /* Shared */,
				E468A6BA623544ACF17805C4 /* Frameworks */,
				D6404C40374F97DA55752B49 /* Products */,
			);
			sourceTree = "<group>";
		};
		41950E334342830769462007 /* Sources */ = {
			isa = PBXGroup;
			children = (
				E6AFF875A65AF269FCE39F33 /* UsageCore */,
			);
			path = Sources;
			sourceTree = "<group>";
		};
		4F99DA7FF93C5E7CA6820F3C /* LilUsageWidget */ = {
			isa = PBXGroup;
			children = (
				9F6C3265B0AAFE25DA7BF5E2 /* Info.plist */,
				DF502A1A59F2382D491CF85E /* LilUsageWidget.entitlements */,
				959348B1477D672E64D8C74E /* LilUsageWidgetBundle.swift */,
				6175C97C04F97CBC4F54A8BE /* ProviderWidget.swift */,
				CCC29D9F1481D5430F888EBB /* SelectProviderIntent.swift */,
				A0A890C70B990A9920B8E773 /* StackWidget.swift */,
				94217D650E90775AB1956167 /* Timeline.swift */,
				BBBE78B4234E7D9247676E90 /* UsageWidgetView.swift */,
			);
			path = LilUsageWidget;
			sourceTree = "<group>";
		};
		96562841732B0AD7A0AECB17 /* ai-sessions */ = {
			isa = PBXGroup;
			children = (
				41950E334342830769462007 /* Sources */,
			);
			name = "ai-sessions";
			path = ..;
			sourceTree = "<group>";
		};
		D6404C40374F97DA55752B49 /* Products */ = {
			isa = PBXGroup;
			children = (
				0B3EBD01C44432C5C13645B9 /* LilUsage.app */,
				85E26B42A3E9978B050AC928 /* LilUsageWidget.appex */,
				A13FD1453D5F9A2E3E292336 /* UsageCore.framework */,
			);
			name = Products;
			sourceTree = "<group>";
		};
		E468A6BA623544ACF17805C4 /* Frameworks */ = {
			isa = PBXGroup;
			children = (
				2831495B5FCC081F67B694BC /* AppIntents.framework */,
				41FD08D34F85416B237027D5 /* BackgroundTasks.framework */,
				9F082972D6C411125FF3A7A4 /* SwiftUI.framework */,
				399F9EB20FDA098D07F41FEA /* WidgetKit.framework */,
			);
			name = Frameworks;
			sourceTree = "<group>";
		};
		E6AFF875A65AF269FCE39F33 /* UsageCore */ = {
			isa = PBXGroup;
			children = (
				1BA136B9A663426B8B9DEF69 /* ClaudeOAuth.swift */,
				75F762B4AF4464B8E2DE8D0E /* ClaudeUsageFetcher.swift */,
				8A13A4E44F1B8F95D0D7461D /* CodexDeviceAuth.swift */,
				B2481033EF1E3E2554D9EA65 /* CodexUsageFetcher.swift */,
				74EEA2D955C755846A68F3D6 /* GrokDeviceAuth.swift */,
				64FD266D6E91C95ABD0A65A1 /* GrokUsageFetcher.swift */,
				259D0FC89B610ABDD91E57D5 /* HandoffEnablement.swift */,
				08BF0F3629394CF300E6A98A /* HTTPRetryAfter.swift */,
				895888DFDF42A1B638E0C7AE /* ISO8601Dates.swift */,
				23C6015EFFFBCE17B655ADB7 /* KeychainTokenStore.swift */,
				557AA1738C626B049FBA8F73 /* OAuthLogin.swift */,
				BF7C97CEEFC55F3D5210FE9A /* PKCE.swift */,
				1160BDEE849BF7A0EDAED683 /* ProviderKind.swift */,
				62BA4A83C0ED11655441826F /* SnapshotStore.swift */,
				1565C66F1C2FD3750D59ED80 /* TokenParsing.swift */,
				C47B4F7A57EAABF7ACACF91F /* TokenRefresh.swift */,
				3E0278701F463569AA899E74 /* TokenStoring.swift */,
				C21B770602E73EF057268BEA /* UsageModel.swift */,
				2132200BDDA0F7DC74095F6B /* UsageProviding.swift */,
				83BF49C60DFA2CDBB81D56A8 /* UsageRefresher.swift */,
				ADB8939D25DF8A834ED0CFE8 /* WidgetSetupPrompt.swift */,
			);
			name = UsageCore;
			path = UsageCore;
			sourceTree = "<group>";
		};
/* End PBXGroup section */

/* Begin PBXNativeTarget section */
		9BC7020BAFBF08363EC8D2A9 /* UsageCore */ = {
			isa = PBXNativeTarget;
			buildConfigurationList = 130AB1E6EDAEAE3DC9BF270E /* Build configuration list for PBXNativeTarget "UsageCore" */;
			buildPhases = (
				F5D295F94527F1AA9F0AFDD6 /* Sources */,
			);
			buildRules = (
			);
			dependencies = (
			);
			name = UsageCore;
			packageProductDependencies = (
			);
			productName = UsageCore;
			productReference = A13FD1453D5F9A2E3E292336 /* UsageCore.framework */;
			productType = "com.apple.product-type.framework";
		};
		A920E13164E8E918AF3A1361 /* LilUsage */ = {
			isa = PBXNativeTarget;
			buildConfigurationList = BFD38253CBDD8107C762186A /* Build configuration list for PBXNativeTarget "LilUsage" */;
			buildPhases = (
				F88E10C45DB0B2CF29CEB41E /* Sources */,
				EC4688CE8C41B93A1CB6C633 /* Resources */,
				176E83F713A92EF24EAED019 /* Frameworks */,
				2FA03A40B40F4859F7A48FF5 /* Embed Foundation Extensions */,
				BD431535314D1040D242825B /* Embed Frameworks */,
			);
			buildRules = (
			);
			dependencies = (
				EFB22397D686874632038A41 /* PBXTargetDependency */,
				1202883B4EC079896C920E1B /* PBXTargetDependency */,
			);
			name = LilUsage;
			packageProductDependencies = (
			);
			productName = LilUsage;
			productReference = 0B3EBD01C44432C5C13645B9 /* LilUsage.app */;
			productType = "com.apple.product-type.application";
		};
		D2C24750E105C055CF70E8BD /* LilUsageWidget */ = {
			isa = PBXNativeTarget;
			buildConfigurationList = 4FFF078123F87E6906AFF78E /* Build configuration list for PBXNativeTarget "LilUsageWidget" */;
			buildPhases = (
				006A2EA381A66F70B7E9ADD1 /* Sources */,
				36393F1AAA883D69A6D11654 /* Resources */,
				1992C28ED617E218860A78DE /* Frameworks */,
				C43AD55E6D54FD9443746DDB /* Embed Frameworks */,
			);
			buildRules = (
			);
			dependencies = (
				1140D333A1DC18644439AFE1 /* PBXTargetDependency */,
			);
			name = LilUsageWidget;
			packageProductDependencies = (
			);
			productName = LilUsageWidget;
			productReference = 85E26B42A3E9978B050AC928 /* LilUsageWidget.appex */;
			productType = "com.apple.product-type.app-extension";
		};
/* End PBXNativeTarget section */

/* Begin PBXProject section */
		935F69C81F3A32CB3E4D024C /* Project object */ = {
			isa = PBXProject;
			attributes = {
				BuildIndependentTargetsInParallel = YES;
				LastUpgradeCheck = 1430;
				TargetAttributes = {
					9BC7020BAFBF08363EC8D2A9 = {
						DevelopmentTeam = S74M2P6469;
						ProvisioningStyle = Automatic;
					};
					A920E13164E8E918AF3A1361 = {
						DevelopmentTeam = S74M2P6469;
						ProvisioningStyle = Automatic;
					};
					D2C24750E105C055CF70E8BD = {
						DevelopmentTeam = S74M2P6469;
						ProvisioningStyle = Automatic;
					};
				};
			};
			buildConfigurationList = 0F29C52C75DD1E5E1963E325 /* Build configuration list for PBXProject "LilUsage" */;
			developmentRegion = en;
			hasScannedForEncodings = 0;
			knownRegions = (
				Base,
				en,
			);
			mainGroup = 3F3B4EE88142D0C9A7489938;
			minimizedProjectReferenceProxies = 1;
			preferredProjectObjectVersion = 77;
			productRefGroup = D6404C40374F97DA55752B49 /* Products */;
			projectDirPath = "";
			projectRoot = "";
			targets = (
				9BC7020BAFBF08363EC8D2A9 /* UsageCore */,
				A920E13164E8E918AF3A1361 /* LilUsage */,
				D2C24750E105C055CF70E8BD /* LilUsageWidget */,
			);
		};
/* End PBXProject section */

/* Begin PBXResourcesBuildPhase section */
		36393F1AAA883D69A6D11654 /* Resources */ = {
			isa = PBXResourcesBuildPhase;
			buildActionMask = 2147483647;
			files = (
				41B30D65C666EEAF693A9664 /* Assets.xcassets in Resources */,
			);
			runOnlyForDeploymentPostprocessing = 0;
		};
		EC4688CE8C41B93A1CB6C633 /* Resources */ = {
			isa = PBXResourcesBuildPhase;
			buildActionMask = 2147483647;
			files = (
				313E069574BCAB2F339C2C7F /* Assets.xcassets in Resources */,
				B6242F6201C5A2DADAE24A9E /* Assets.xcassets in Resources */,
				CB4441BC2C18211D9E5CAAED /* LaunchScreen.storyboard in Resources */,
			);
			runOnlyForDeploymentPostprocessing = 0;
		};
/* End PBXResourcesBuildPhase section */

/* Begin PBXSourcesBuildPhase section */
		006A2EA381A66F70B7E9ADD1 /* Sources */ = {
			isa = PBXSourcesBuildPhase;
			buildActionMask = 2147483647;
			files = (
				00EBF69C8A7C168C0A41D17F /* AppGroup.swift in Sources */,
				47555A80074E43BC3D2EAD97 /* EnabledSettings.swift in Sources */,
				A74E974E064341C7FC1BD534 /* LilUsageWidgetBundle.swift in Sources */,
				62E413041B3D5FAB783BFCA0 /* ProviderChrome.swift in Sources */,
				970B30223BD58B681D468E8D /* ProviderLogo.swift in Sources */,
				C2DC4AD279894A64D685D194 /* ProviderWidget.swift in Sources */,
				64A55B7B91483EFC9942C74A /* SelectProviderIntent.swift in Sources */,
				464A56EA7DA348B7C0B46D84 /* StackWidget.swift in Sources */,
				A1C2D49E896351F241CBB1D6 /* Timeline.swift in Sources */,
				BDCC0057480C57B8D4B2363C /* UsageGauge.swift in Sources */,
				D540C05ABD80A2FB79DDDC64 /* UsageWidgetView.swift in Sources */,
			);
			runOnlyForDeploymentPostprocessing = 0;
		};
		F5D295F94527F1AA9F0AFDD6 /* Sources */ = {
			isa = PBXSourcesBuildPhase;
			buildActionMask = 2147483647;
			files = (
				0BB8B540D0AE00FCD126C28B /* ClaudeOAuth.swift in Sources */,
				5A31933D17BD12FCACF0EF6F /* ClaudeUsageFetcher.swift in Sources */,
				99954A52F97CE394EFB93538 /* CodexDeviceAuth.swift in Sources */,
				8F1E6CD1984C630B9293AB52 /* CodexUsageFetcher.swift in Sources */,
				873B6CAC548DF69124B03BC3 /* GrokDeviceAuth.swift in Sources */,
				55C4CA2F07DB4B26D0E964BF /* GrokUsageFetcher.swift in Sources */,
				65A7E1A082170B2696E6A3BD /* HTTPRetryAfter.swift in Sources */,
				846001F88CE36451B4528DAF /* HandoffEnablement.swift in Sources */,
				93EBA3C1020F26BA38A35450 /* ISO8601Dates.swift in Sources */,
				0754D0E28C7156833DB94872 /* KeychainTokenStore.swift in Sources */,
				C1D2CABB102E61F5A01B4015 /* OAuthLogin.swift in Sources */,
				3749E3D30C905A43A1097DF1 /* PKCE.swift in Sources */,
				2037731115E253DD33EF8D65 /* ProviderKind.swift in Sources */,
				7CF7D6C8E22F108302AEE045 /* SnapshotStore.swift in Sources */,
				51A1D40028D41747E429E91F /* TokenParsing.swift in Sources */,
				68C25CBE159979CE19F7C4CB /* TokenRefresh.swift in Sources */,
				2B80C7A34453D1635BF1DF31 /* TokenStoring.swift in Sources */,
				6CA938A29EC5E79F34442109 /* UsageModel.swift in Sources */,
				CF104E83BA30BC811D0C50DE /* UsageProviding.swift in Sources */,
				6A39BFA4672D8F7E10569C4E /* UsageRefresher.swift in Sources */,
				61FE8030EB591B1D3767D3F0 /* WidgetSetupPrompt.swift in Sources */,
			);
			runOnlyForDeploymentPostprocessing = 0;
		};
		F88E10C45DB0B2CF29CEB41E /* Sources */ = {
			isa = PBXSourcesBuildPhase;
			buildActionMask = 2147483647;
			files = (
				575623A0714158D2F31E8ED6 /* AppGroup.swift in Sources */,
				FC54DCC84B5108A2DF32D5BF /* ClipboardPaste.swift in Sources */,
				ED9E721BF8F8FB842F0F7C37 /* EnabledSettings.swift in Sources */,
				22C57D8B4152ECBF48CFED44 /* LilUsageApp.swift in Sources */,
				B9C230AD36A798B82FF30B48 /* ProviderCard.swift in Sources */,
				DA9774D284E6E0D7ED676C53 /* ProviderChrome.swift in Sources */,
				B254ECDD9CF8A8BC019B8D57 /* ProviderLogo.swift in Sources */,
				6EA5DAFDE01D62872B6F52A3 /* RefreshController.swift in Sources */,
				85AA79D2B972DED5054BB482 /* RootView.swift in Sources */,
				84696B5FB7757760D758AA06 /* SafariView.swift in Sources */,
				2B139DE85CCD31A5BF2AA3B1 /* SignInSheet.swift in Sources */,
				FEB00B9C537D00A94A8F8092 /* UsageGauge.swift in Sources */,
				ABD1E68B360833C490FAB056 /* WidgetSetupCard.swift in Sources */,
			);
			runOnlyForDeploymentPostprocessing = 0;
		};
/* End PBXSourcesBuildPhase section */

/* Begin PBXTargetDependency section */
		1140D333A1DC18644439AFE1 /* PBXTargetDependency */ = {
			isa = PBXTargetDependency;
			target = 9BC7020BAFBF08363EC8D2A9 /* UsageCore */;
			targetProxy = 49639FBC7D375F3B7DAEF84D /* PBXContainerItemProxy */;
		};
		1202883B4EC079896C920E1B /* PBXTargetDependency */ = {
			isa = PBXTargetDependency;
			target = D2C24750E105C055CF70E8BD /* LilUsageWidget */;
			targetProxy = 9A16261E9898E6ED22FDDFDC /* PBXContainerItemProxy */;
		};
		EFB22397D686874632038A41 /* PBXTargetDependency */ = {
			isa = PBXTargetDependency;
			target = 9BC7020BAFBF08363EC8D2A9 /* UsageCore */;
			targetProxy = C65659C2922134D7B34465C7 /* PBXContainerItemProxy */;
		};
/* End PBXTargetDependency section */

/* Begin XCBuildConfiguration section */
		2E27578764655F59A06B1602 /* Debug */ = {
			isa = XCBuildConfiguration;
			buildSettings = {
				CODE_SIGN_IDENTITY = "";
				CURRENT_PROJECT_VERSION = 1;
				DEFINES_MODULE = NO;
				DEVELOPMENT_TEAM = S74M2P6469;
				DYLIB_COMPATIBILITY_VERSION = 1;
				DYLIB_CURRENT_VERSION = 1;
				DYLIB_INSTALL_NAME_BASE = "@rpath";
				GENERATE_INFOPLIST_FILE = YES;
				INSTALL_PATH = "$(LOCAL_LIBRARY_DIR)/Frameworks";
				IPHONEOS_DEPLOYMENT_TARGET = 18.0;
				LD_RUNPATH_SEARCH_PATHS = (
					"$(inherited)",
					"@executable_path/Frameworks",
				);
				PRODUCT_BUNDLE_IDENTIFIER = com.wandity.lilagents.core;
				PRODUCT_MODULE_NAME = UsageCore;
				PRODUCT_NAME = UsageCore;
				SDKROOT = iphoneos;
				SKIP_INSTALL = YES;
				SWIFT_INSTALL_OBJC_HEADER = NO;
				TARGETED_DEVICE_FAMILY = "1,2";
				VERSIONING_SYSTEM = "apple-generic";
			};
			name = Debug;
		};
		64B313DE7600E120057DA1B6 /* Release */ = {
			isa = XCBuildConfiguration;
			buildSettings = {
				ALWAYS_SEARCH_USER_PATHS = NO;
				CLANG_ANALYZER_NONNULL = YES;
				CLANG_ANALYZER_NUMBER_OBJECT_CONVERSION = YES_AGGRESSIVE;
				CLANG_CXX_LANGUAGE_STANDARD = "gnu++14";
				CLANG_CXX_LIBRARY = "libc++";
				CLANG_ENABLE_MODULES = YES;
				CLANG_ENABLE_OBJC_ARC = YES;
				CLANG_ENABLE_OBJC_WEAK = YES;
				CLANG_WARN_BLOCK_CAPTURE_AUTORELEASING = YES;
				CLANG_WARN_BOOL_CONVERSION = YES;
				CLANG_WARN_COMMA = YES;
				CLANG_WARN_CONSTANT_CONVERSION = YES;
				CLANG_WARN_DEPRECATED_OBJC_IMPLEMENTATIONS = YES;
				CLANG_WARN_DIRECT_OBJC_ISA_USAGE = YES_ERROR;
				CLANG_WARN_DOCUMENTATION_COMMENTS = YES;
				CLANG_WARN_EMPTY_BODY = YES;
				CLANG_WARN_ENUM_CONVERSION = YES;
				CLANG_WARN_INFINITE_RECURSION = YES;
				CLANG_WARN_INT_CONVERSION = YES;
				CLANG_WARN_NON_LITERAL_NULL_CONVERSION = YES;
				CLANG_WARN_OBJC_IMPLICIT_RETAIN_SELF = YES;
				CLANG_WARN_OBJC_LITERAL_CONVERSION = YES;
				CLANG_WARN_OBJC_ROOT_CLASS = YES_ERROR;
				CLANG_WARN_QUOTED_INCLUDE_IN_FRAMEWORK_HEADER = YES;
				CLANG_WARN_RANGE_LOOP_ANALYSIS = YES;
				CLANG_WARN_STRICT_PROTOTYPES = YES;
				CLANG_WARN_SUSPICIOUS_MOVE = YES;
				CLANG_WARN_UNGUARDED_AVAILABILITY = YES_AGGRESSIVE;
				CLANG_WARN_UNREACHABLE_CODE = YES;
				CLANG_WARN__DUPLICATE_METHOD_MATCH = YES;
				CODE_SIGN_STYLE = Automatic;
				COPY_PHASE_STRIP = NO;
				CURRENT_PROJECT_VERSION = 1;
				DEBUG_INFORMATION_FORMAT = "dwarf-with-dsym";
				DEVELOPMENT_TEAM = S74M2P6469;
				ENABLE_NS_ASSERTIONS = NO;
				ENABLE_STRICT_OBJC_MSGSEND = YES;
				ENABLE_USER_SCRIPT_SANDBOXING = YES;
				GCC_C_LANGUAGE_STANDARD = gnu11;
				GCC_NO_COMMON_BLOCKS = YES;
				GCC_WARN_64_TO_32_BIT_CONVERSION = YES;
				GCC_WARN_ABOUT_RETURN_TYPE = YES_ERROR;
				GCC_WARN_UNDECLARED_SELECTOR = YES;
				GCC_WARN_UNINITIALIZED_AUTOS = YES_AGGRESSIVE;
				GCC_WARN_UNUSED_FUNCTION = YES;
				GCC_WARN_UNUSED_VARIABLE = YES;
				IPHONEOS_DEPLOYMENT_TARGET = 18.0;
				MARKETING_VERSION = 1.0;
				MTL_ENABLE_DEBUG_INFO = NO;
				MTL_FAST_MATH = YES;
				PRODUCT_NAME = "$(TARGET_NAME)";
				SDKROOT = iphoneos;
				SWIFT_COMPILATION_MODE = wholemodule;
				SWIFT_DEFAULT_ACTOR_ISOLATION = nonisolated;
				SWIFT_OPTIMIZATION_LEVEL = "-O";
				SWIFT_STRICT_CONCURRENCY = complete;
				SWIFT_VERSION = 6.0;
				TARGETED_DEVICE_FAMILY = "1,2";
			};
			name = Release;
		};
		888DCF39B429DD2F66BFC51E /* Debug */ = {
			isa = XCBuildConfiguration;
			buildSettings = {
				APPLICATION_EXTENSION_API_ONLY = YES;
				CODE_SIGN_ENTITLEMENTS = LilUsageWidget/LilUsageWidget.entitlements;
				DEVELOPMENT_TEAM = S74M2P6469;
				GENERATE_INFOPLIST_FILE = NO;
				INFOPLIST_FILE = LilUsageWidget/Info.plist;
				IPHONEOS_DEPLOYMENT_TARGET = 18.0;
				LD_RUNPATH_SEARCH_PATHS = "$(inherited) @executable_path/Frameworks @executable_path/../../Frameworks";
				PRODUCT_BUNDLE_IDENTIFIER = com.wandity.lilagents.widget;
				PRODUCT_MODULE_NAME = LilUsageWidget;
				PRODUCT_NAME = LilUsageWidget;
				SDKROOT = iphoneos;
				SKIP_INSTALL = YES;
				TARGETED_DEVICE_FAMILY = "1,2";
			};
			name = Debug;
		};
		90B02DB4A5DF0C385B691093 /* Release */ = {
			isa = XCBuildConfiguration;
			buildSettings = {
				CODE_SIGN_IDENTITY = "";
				CURRENT_PROJECT_VERSION = 1;
				DEFINES_MODULE = NO;
				DEVELOPMENT_TEAM = S74M2P6469;
				DYLIB_COMPATIBILITY_VERSION = 1;
				DYLIB_CURRENT_VERSION = 1;
				DYLIB_INSTALL_NAME_BASE = "@rpath";
				GENERATE_INFOPLIST_FILE = YES;
				INSTALL_PATH = "$(LOCAL_LIBRARY_DIR)/Frameworks";
				IPHONEOS_DEPLOYMENT_TARGET = 18.0;
				LD_RUNPATH_SEARCH_PATHS = (
					"$(inherited)",
					"@executable_path/Frameworks",
				);
				PRODUCT_BUNDLE_IDENTIFIER = com.wandity.lilagents.core;
				PRODUCT_MODULE_NAME = UsageCore;
				PRODUCT_NAME = UsageCore;
				SDKROOT = iphoneos;
				SKIP_INSTALL = YES;
				SWIFT_INSTALL_OBJC_HEADER = NO;
				TARGETED_DEVICE_FAMILY = "1,2";
				VERSIONING_SYSTEM = "apple-generic";
			};
			name = Release;
		};
		910216CCDEA13C7F7B0E73EF /* Release */ = {
			isa = XCBuildConfiguration;
			buildSettings = {
				APPLICATION_EXTENSION_API_ONLY = YES;
				CODE_SIGN_ENTITLEMENTS = LilUsageWidget/LilUsageWidget.entitlements;
				DEVELOPMENT_TEAM = S74M2P6469;
				GENERATE_INFOPLIST_FILE = NO;
				INFOPLIST_FILE = LilUsageWidget/Info.plist;
				IPHONEOS_DEPLOYMENT_TARGET = 18.0;
				LD_RUNPATH_SEARCH_PATHS = "$(inherited) @executable_path/Frameworks @executable_path/../../Frameworks";
				PRODUCT_BUNDLE_IDENTIFIER = com.wandity.lilagents.widget;
				PRODUCT_MODULE_NAME = LilUsageWidget;
				PRODUCT_NAME = LilUsageWidget;
				SDKROOT = iphoneos;
				SKIP_INSTALL = YES;
				TARGETED_DEVICE_FAMILY = "1,2";
			};
			name = Release;
		};
		956765D73366087AD90227A0 /* Release */ = {
			isa = XCBuildConfiguration;
			buildSettings = {
				ASSETCATALOG_COMPILER_APPICON_NAME = AppIcon;
				CODE_SIGN_ENTITLEMENTS = LilUsage/LilUsage.entitlements;
				CODE_SIGN_IDENTITY = "iPhone Developer";
				DEVELOPMENT_TEAM = S74M2P6469;
				GENERATE_INFOPLIST_FILE = NO;
				INFOPLIST_FILE = LilUsage/Info.plist;
				IPHONEOS_DEPLOYMENT_TARGET = 18.0;
				LD_RUNPATH_SEARCH_PATHS = "$(inherited) @executable_path/Frameworks";
				PRODUCT_BUNDLE_IDENTIFIER = com.wandity.lilagents;
				PRODUCT_MODULE_NAME = LilUsage;
				PRODUCT_NAME = LilUsage;
				SDKROOT = iphoneos;
				TARGETED_DEVICE_FAMILY = "1,2";
			};
			name = Release;
		};
		BFAB466DD0097CCF05BEDA57 /* Debug */ = {
			isa = XCBuildConfiguration;
			buildSettings = {
				ASSETCATALOG_COMPILER_APPICON_NAME = AppIcon;
				CODE_SIGN_ENTITLEMENTS = LilUsage/LilUsage.entitlements;
				CODE_SIGN_IDENTITY = "iPhone Developer";
				DEVELOPMENT_TEAM = S74M2P6469;
				GENERATE_INFOPLIST_FILE = NO;
				INFOPLIST_FILE = LilUsage/Info.plist;
				IPHONEOS_DEPLOYMENT_TARGET = 18.0;
				LD_RUNPATH_SEARCH_PATHS = "$(inherited) @executable_path/Frameworks";
				PRODUCT_BUNDLE_IDENTIFIER = com.wandity.lilagents;
				PRODUCT_MODULE_NAME = LilUsage;
				PRODUCT_NAME = LilUsage;
				SDKROOT = iphoneos;
				TARGETED_DEVICE_FAMILY = "1,2";
			};
			name = Debug;
		};
		EC4EC1C7939120A8CEC2DBBF /* Debug */ = {
			isa = XCBuildConfiguration;
			buildSettings = {
				ALWAYS_SEARCH_USER_PATHS = NO;
				CLANG_ANALYZER_NONNULL = YES;
				CLANG_ANALYZER_NUMBER_OBJECT_CONVERSION = YES_AGGRESSIVE;
				CLANG_CXX_LANGUAGE_STANDARD = "gnu++14";
				CLANG_CXX_LIBRARY = "libc++";
				CLANG_ENABLE_MODULES = YES;
				CLANG_ENABLE_OBJC_ARC = YES;
				CLANG_ENABLE_OBJC_WEAK = YES;
				CLANG_WARN_BLOCK_CAPTURE_AUTORELEASING = YES;
				CLANG_WARN_BOOL_CONVERSION = YES;
				CLANG_WARN_COMMA = YES;
				CLANG_WARN_CONSTANT_CONVERSION = YES;
				CLANG_WARN_DEPRECATED_OBJC_IMPLEMENTATIONS = YES;
				CLANG_WARN_DIRECT_OBJC_ISA_USAGE = YES_ERROR;
				CLANG_WARN_DOCUMENTATION_COMMENTS = YES;
				CLANG_WARN_EMPTY_BODY = YES;
				CLANG_WARN_ENUM_CONVERSION = YES;
				CLANG_WARN_INFINITE_RECURSION = YES;
				CLANG_WARN_INT_CONVERSION = YES;
				CLANG_WARN_NON_LITERAL_NULL_CONVERSION = YES;
				CLANG_WARN_OBJC_IMPLICIT_RETAIN_SELF = YES;
				CLANG_WARN_OBJC_LITERAL_CONVERSION = YES;
				CLANG_WARN_OBJC_ROOT_CLASS = YES_ERROR;
				CLANG_WARN_QUOTED_INCLUDE_IN_FRAMEWORK_HEADER = YES;
				CLANG_WARN_RANGE_LOOP_ANALYSIS = YES;
				CLANG_WARN_STRICT_PROTOTYPES = YES;
				CLANG_WARN_SUSPICIOUS_MOVE = YES;
				CLANG_WARN_UNGUARDED_AVAILABILITY = YES_AGGRESSIVE;
				CLANG_WARN_UNREACHABLE_CODE = YES;
				CLANG_WARN__DUPLICATE_METHOD_MATCH = YES;
				CODE_SIGN_STYLE = Automatic;
				COPY_PHASE_STRIP = NO;
				CURRENT_PROJECT_VERSION = 1;
				DEBUG_INFORMATION_FORMAT = dwarf;
				DEVELOPMENT_TEAM = S74M2P6469;
				ENABLE_STRICT_OBJC_MSGSEND = YES;
				ENABLE_TESTABILITY = YES;
				ENABLE_USER_SCRIPT_SANDBOXING = YES;
				GCC_C_LANGUAGE_STANDARD = gnu11;
				GCC_DYNAMIC_NO_PIC = NO;
				GCC_NO_COMMON_BLOCKS = YES;
				GCC_OPTIMIZATION_LEVEL = 0;
				GCC_PREPROCESSOR_DEFINITIONS = (
					"$(inherited)",
					"DEBUG=1",
				);
				GCC_WARN_64_TO_32_BIT_CONVERSION = YES;
				GCC_WARN_ABOUT_RETURN_TYPE = YES_ERROR;
				GCC_WARN_UNDECLARED_SELECTOR = YES;
				GCC_WARN_UNINITIALIZED_AUTOS = YES_AGGRESSIVE;
				GCC_WARN_UNUSED_FUNCTION = YES;
				GCC_WARN_UNUSED_VARIABLE = YES;
				IPHONEOS_DEPLOYMENT_TARGET = 18.0;
				MARKETING_VERSION = 1.0;
				MTL_ENABLE_DEBUG_INFO = INCLUDE_SOURCE;
				MTL_FAST_MATH = YES;
				ONLY_ACTIVE_ARCH = YES;
				PRODUCT_NAME = "$(TARGET_NAME)";
				SDKROOT = iphoneos;
				SWIFT_ACTIVE_COMPILATION_CONDITIONS = DEBUG;
				SWIFT_DEFAULT_ACTOR_ISOLATION = nonisolated;
				SWIFT_OPTIMIZATION_LEVEL = "-Onone";
				SWIFT_STRICT_CONCURRENCY = complete;
				SWIFT_VERSION = 6.0;
				TARGETED_DEVICE_FAMILY = "1,2";
			};
			name = Debug;
		};
/* End XCBuildConfiguration section */

/* Begin XCConfigurationList section */
		0F29C52C75DD1E5E1963E325 /* Build configuration list for PBXProject "LilUsage" */ = {
			isa = XCConfigurationList;
			buildConfigurations = (
				EC4EC1C7939120A8CEC2DBBF /* Debug */,
				64B313DE7600E120057DA1B6 /* Release */,
			);
			defaultConfigurationIsVisible = 0;
			defaultConfigurationName = Debug;
		};
		130AB1E6EDAEAE3DC9BF270E /* Build configuration list for PBXNativeTarget "UsageCore" */ = {
			isa = XCConfigurationList;
			buildConfigurations = (
				2E27578764655F59A06B1602 /* Debug */,
				90B02DB4A5DF0C385B691093 /* Release */,
			);
			defaultConfigurationIsVisible = 0;
			defaultConfigurationName = Debug;
		};
		4FFF078123F87E6906AFF78E /* Build configuration list for PBXNativeTarget "LilUsageWidget" */ = {
			isa = XCConfigurationList;
			buildConfigurations = (
				888DCF39B429DD2F66BFC51E /* Debug */,
				910216CCDEA13C7F7B0E73EF /* Release */,
			);
			defaultConfigurationIsVisible = 0;
			defaultConfigurationName = Debug;
		};
		BFD38253CBDD8107C762186A /* Build configuration list for PBXNativeTarget "LilUsage" */ = {
			isa = XCConfigurationList;
			buildConfigurations = (
				BFAB466DD0097CCF05BEDA57 /* Debug */,
				956765D73366087AD90227A0 /* Release */,
			);
			defaultConfigurationIsVisible = 0;
			defaultConfigurationName = Debug;
		};
/* End XCConfigurationList section */
	};
	rootObject = 935F69C81F3A32CB3E4D024C /* Project object */;
}
